
Microsoft Visual Studio Solution File, Format Version 12.00
# Visual Studio Version 17
VisualStudioVersion = 17.3.32922.545
MinimumVisualStudioVersion = 10.0.40219.1
Project("{FAE04EC0-301F-11D3-BF4B-00C04F79EFBC}") = "Studentportal.web", "Studentportal.web\Studentportal.web.csproj", "{1C77627E-E69E-4503-9C2A-193780C57D8E}"
EndProject
Global
	GlobalSection(SolutionConfigurationPlatforms) = preSolution
		Debug|Any CPU = Debug|Any CPU
		Release|Any CPU = Release|Any CPU
	EndGlobalSection
	GlobalSection(ProjectConfigurationPlatforms) = postSolution
		{1C77627E-E69E-4503-9C2A-193780C57D8E}.Debug|Any CPU.ActiveCfg = Debug|Any CPU
		{1C77627E-E69E-4503-9C2A-193780C57D8E}.Debug|Any CPU.Build.0 = Debug|Any CPU
		{1C77627E-E69E-4503-9C2A-193780C57D8E}.Release|Any CPU.ActiveCfg = Release|Any CPU
		{1C77627E-E69E-4503-9C2A-193780C57D8E}.Release|Any CPU.Build.0 = Release|Any CPU
	EndGlobalSection
	GlobalSection(SolutionProperties) = preSolution
		HideSolutionNode = FALSE
	EndGlobalSection
	GlobalSection(ExtensibilityGlobals) = postSolution
		SolutionGuid = {0EFD0A3A-722C-4D55-89C8-FEC91BF14CB3}
	EndGlobalSection
EndGlobal
